
Microsoft Visual Studio Solution File, Format Version 12.00
# Visual Studio Version 16
VisualStudioVersion = 16.0.29102.190
MinimumVisualStudioVersion = 10.0.40219.1
Project("{FAE04EC0-301F-11D3-BF4B-00C04F79EFBC}") = "SimpleWebRequest", "SimpleWebRequest.csproj", "{F2D5CD8E-036F-418C-91D9-F938B0F52181}"
EndProject
Global
	GlobalSection(SolutionConfigurationPlatforms) = preSolution
		Debug|Any CPU = Debug|Any CPU
		Release|Any CPU = Release|Any CPU
	EndGlobalSection
	GlobalSection(ProjectConfigurationPlatforms) = postSolution
		{F2D5CD8E-036F-418C-91D9-F938B0F52181}.Debug|Any CPU.ActiveCfg = Debug|Any CPU
		{F2D5CD8E-036F-418C-91D9-F938B0F52181}.Debug|Any CPU.Build.0 = Debug|Any CPU
		{F2D5CD8E-036F-418C-91D9-F938B0F52181}.Release|Any CPU.ActiveCfg = Release|Any CPU
		{F2D5CD8E-036F-418C-91D9-F938B0F52181}.Release|Any CPU.Build.0 = Release|Any CPU
	EndGlobalSection
	GlobalSection(SolutionProperties) = preSolution
		HideSolutionNode = FALSE
	EndGlobalSection
	GlobalSection(ExtensibilityGlobals) = postSolution
		SolutionGuid = {9BA4FF6F-7CD3-4F2F-A2C3-DC56A2A1CBE8}
	EndGlobalSection
EndGlobal
